
Microsoft Visual Studio Solution File, Format Version 12.00
# Visual Studio Version 17
VisualStudioVersion = 17.4.33110.190
MinimumVisualStudioVersion = 10.0.40219.1
Project("{FAE04EC0-301F-11D3-BF4B-00C04F79EFBC}") = "1", "AuthenticationTernary\1.csproj", "{9C60A4EA-D6BB-43EF-92BD-4FEC0885BC37}"
EndProject
Project("{FAE04EC0-301F-11D3-BF4B-00C04F79EFBC}") = "2", "2\2.csproj", "{3C8952C7-B002-4E34-8455-D1F7119018A5}"
EndProject
Project("{FAE04EC0-301F-11D3-BF4B-00C04F79EFBC}") = "3", "3\3.csproj", "{37E3C848-51D2-496B-A05A-76A0267D30F9}"
EndProject
Project("{FAE04EC0-301F-11D3-BF4B-00C04F79EFBC}") = "4", "4\4.csproj", "{6D6B74CC-296E-4961-86FC-287BEC4F38FC}"
EndProject
Global
	GlobalSection(SolutionConfigurationPlatforms) = preSolution
		Debug|Any CPU = Debug|Any CPU
		Release|Any CPU = Release|Any CPU
	EndGlobalSection
	GlobalSection(ProjectConfigurationPlatforms) = postSolution
		{9C60A4EA-D6BB-43EF-92BD-4FEC0885BC37}.Debug|Any CPU.ActiveCfg = Debug|Any CPU
		{9C60A4EA-D6BB-43EF-92BD-4FEC0885BC37}.Debug|Any CPU.Build.0 = Debug|Any CPU
		{9C60A4EA-D6BB-43EF-92BD-4FEC0885BC37}.Release|Any CPU.ActiveCfg = Release|Any CPU
		{9C60A4EA-D6BB-43EF-92BD-4FEC0885BC37}.Release|Any CPU.Build.0 = Release|Any CPU
		{3C8952C7-B002-4E34-8455-D1F7119018A5}.Debug|Any CPU.ActiveCfg = Debug|Any CPU
		{3C8952C7-B002-4E34-8455-D1F7119018A5}.Debug|Any CPU.Build.0 = Debug|Any CPU
		{3C8952C7-B002-4E34-8455-D1F7119018A5}.Release|Any CPU.ActiveCfg = Release|Any CPU
		{3C8952C7-B002-4E34-8455-D1F7119018A5}.Release|Any CPU.Build.0 = Release|Any CPU
		{37E3C848-51D2-496B-A05A-76A0267D30F9}.Debug|Any CPU.ActiveCfg = Debug|Any CPU
		{37E3C848-51D2-496B-A05A-76A0267D30F9}.Debug|Any CPU.Build.0 = Debug|Any CPU
		{37E3C848-51D2-496B-A05A-76A0267D30F9}.Release|Any CPU.ActiveCfg = Release|Any CPU
		{37E3C848-51D2-496B-A05A-76A0267D30F9}.Release|Any CPU.Build.0 = Release|Any CPU
		{6D6B74CC-296E-4961-86FC-287BEC4F38FC}.Debug|Any CPU.ActiveCfg = Debug|Any CPU
		{6D6B74CC-296E-4961-86FC-287BEC4F38FC}.Debug|Any CPU.Build.0 = Debug|Any CPU
		{6D6B74CC-296E-4961-86FC-287BEC4F38FC}.Release|Any CPU.ActiveCfg = Release|Any CPU
		{6D6B74CC-296E-4961-86FC-287BEC4F38FC}.Release|Any CPU.Build.0 = Release|Any CPU
	EndGlobalSection
	GlobalSection(SolutionProperties) = preSolution
		HideSolutionNode = FALSE
	EndGlobalSection
	GlobalSection(ExtensibilityGlobals) = postSolution
		SolutionGuid = {6CB1B140-A61E-41B4-B744-08A41A5C12DB}
	EndGlobalSection
EndGlobal
