
Microsoft Visual Studio Solution File, Format Version 12.00
# Visual Studio Version 17
VisualStudioVersion = 17.4.33110.190
MinimumVisualStudioVersion = 10.0.40219.1
Project("{FAE04EC0-301F-11D3-BF4B-00C04F79EFBC}") = "1", "c2\1.csproj", "{3829F7B3-D9B3-451C-B635-7EFF626DCD08}"
EndProject
Project("{FAE04EC0-301F-11D3-BF4B-00C04F79EFBC}") = "2", "2\2.csproj", "{AEE979A4-7BDF-4544-8C8C-09198DF4CE2E}"
EndProject
Project("{FAE04EC0-301F-11D3-BF4B-00C04F79EFBC}") = "3", "3\3.csproj", "{7D45FCB3-F7D4-4306-AB91-953076249FD3}"
EndProject
Project("{FAE04EC0-301F-11D3-BF4B-00C04F79EFBC}") = "4", "4\4.csproj", "{6223BDEB-2471-407E-94A3-CA1055BE8C41}"
EndProject
Global
	GlobalSection(SolutionConfigurationPlatforms) = preSolution
		Debug|Any CPU = Debug|Any CPU
		Release|Any CPU = Release|Any CPU
	EndGlobalSection
	GlobalSection(ProjectConfigurationPlatforms) = postSolution
		{3829F7B3-D9B3-451C-B635-7EFF626DCD08}.Debug|Any CPU.ActiveCfg = Debug|Any CPU
		{3829F7B3-D9B3-451C-B635-7EFF626DCD08}.Debug|Any CPU.Build.0 = Debug|Any CPU
		{3829F7B3-D9B3-451C-B635-7EFF626DCD08}.Release|Any CPU.ActiveCfg = Release|Any CPU
		{3829F7B3-D9B3-451C-B635-7EFF626DCD08}.Release|Any CPU.Build.0 = Release|Any CPU
		{AEE979A4-7BDF-4544-8C8C-09198DF4CE2E}.Debug|Any CPU.ActiveCfg = Debug|Any CPU
		{AEE979A4-7BDF-4544-8C8C-09198DF4CE2E}.Debug|Any CPU.Build.0 = Debug|Any CPU
		{AEE979A4-7BDF-4544-8C8C-09198DF4CE2E}.Release|Any CPU.ActiveCfg = Release|Any CPU
		{AEE979A4-7BDF-4544-8C8C-09198DF4CE2E}.Release|Any CPU.Build.0 = Release|Any CPU
		{7D45FCB3-F7D4-4306-AB91-953076249FD3}.Debug|Any CPU.ActiveCfg = Debug|Any CPU
		{7D45FCB3-F7D4-4306-AB91-953076249FD3}.Debug|Any CPU.Build.0 = Debug|Any CPU
		{7D45FCB3-F7D4-4306-AB91-953076249FD3}.Release|Any CPU.ActiveCfg = Release|Any CPU
		{7D45FCB3-F7D4-4306-AB91-953076249FD3}.Release|Any CPU.Build.0 = Release|Any CPU
		{6223BDEB-2471-407E-94A3-CA1055BE8C41}.Debug|Any CPU.ActiveCfg = Debug|Any CPU
		{6223BDEB-2471-407E-94A3-CA1055BE8C41}.Debug|Any CPU.Build.0 = Debug|Any CPU
		{6223BDEB-2471-407E-94A3-CA1055BE8C41}.Release|Any CPU.ActiveCfg = Release|Any CPU
		{6223BDEB-2471-407E-94A3-CA1055BE8C41}.Release|Any CPU.Build.0 = Release|Any CPU
	EndGlobalSection
	GlobalSection(SolutionProperties) = preSolution
		HideSolutionNode = FALSE
	EndGlobalSection
	GlobalSection(ExtensibilityGlobals) = postSolution
		SolutionGuid = {EDD2260E-4363-43C3-9760-A6E900408F15}
	EndGlobalSection
EndGlobal
