
Microsoft Visual Studio Solution File, Format Version 12.00
# Visual Studio Version 17
VisualStudioVersion = 17.4.33110.190
MinimumVisualStudioVersion = 10.0.40219.1
Project("{FAE04EC0-301F-11D3-BF4B-00C04F79EFBC}") = "rhombus", "rhombus\rhombus.csproj", "{80B76A1F-0F42-4BE1-B08E-4745A1070912}"
EndProject
Global
	GlobalSection(SolutionConfigurationPlatforms) = preSolution
		Debug|Any CPU = Debug|Any CPU
		Release|Any CPU = Release|Any CPU
	EndGlobalSection
	GlobalSection(ProjectConfigurationPlatforms) = postSolution
		{80B76A1F-0F42-4BE1-B08E-4745A1070912}.Debug|Any CPU.ActiveCfg = Debug|Any CPU
		{80B76A1F-0F42-4BE1-B08E-4745A1070912}.Debug|Any CPU.Build.0 = Debug|Any CPU
		{80B76A1F-0F42-4BE1-B08E-4745A1070912}.Release|Any CPU.ActiveCfg = Release|Any CPU
		{80B76A1F-0F42-4BE1-B08E-4745A1070912}.Release|Any CPU.Build.0 = Release|Any CPU
	EndGlobalSection
	GlobalSection(SolutionProperties) = preSolution
		HideSolutionNode = FALSE
	EndGlobalSection
	GlobalSection(ExtensibilityGlobals) = postSolution
		SolutionGuid = {C6D92F6C-E98D-438E-91A8-08AFEDA2E80F}
	EndGlobalSection
EndGlobal
